
Microsoft Visual Studio Solution File, Format Version 12.00
# Visual Studio Version 16
VisualStudioVersion = 16.0.29905.134
MinimumVisualStudioVersion = 10.0.40219.1
Project("{9A19103F-16F7-4668-BE54-9A1E7A4F7556}") = "HardGame", "HardGame\HardGame.csproj", "{A987FC12-F8A2-4597-A52A-CF949D82D40C}"
EndProject
Global
	GlobalSection(SolutionConfigurationPlatforms) = preSolution
		Debug|Any CPU = Debug|Any CPU
		Release|Any CPU = Release|Any CPU
	EndGlobalSection
	GlobalSection(ProjectConfigurationPlatforms) = postSolution
		{A987FC12-F8A2-4597-A52A-CF949D82D40C}.Debug|Any CPU.ActiveCfg = Debug|Any CPU
		{A987FC12-F8A2-4597-A52A-CF949D82D40C}.Debug|Any CPU.Build.0 = Debug|Any CPU
		{A987FC12-F8A2-4597-A52A-CF949D82D40C}.Release|Any CPU.ActiveCfg = Release|Any CPU
		{A987FC12-F8A2-4597-A52A-CF949D82D40C}.Release|Any CPU.Build.0 = Release|Any CPU
	EndGlobalSection
	GlobalSection(SolutionProperties) = preSolution
		HideSolutionNode = FALSE
	EndGlobalSection
	GlobalSection(ExtensibilityGlobals) = postSolution
		SolutionGuid = {C9A841AB-F76A-4DC6-BB20-4BD8E3C9514D}
	EndGlobalSection
EndGlobal
